
Microsoft Visual Studio Solution File, Format Version 12.00
# Visual Studio 15
VisualStudioVersion = 15.0.27004.2010
MinimumVisualStudioVersion = 10.0.40219.1
Project("{FAE04EC0-301F-11D3-BF4B-00C04F79EFBC}") = "2017_4bhif_aufgabe6_lampalzer_konstantin", "2017_4bhif_aufgabe6_lampalzer_konstantin\2017_4bhif_aufgabe6_lampalzer_konstantin.csproj", "{01C36C1D-48BA-4FDF-AB69-FDEAA1084AA0}"
EndProject
Global
	GlobalSection(SolutionConfigurationPlatforms) = preSolution
		Debug|Any CPU = Debug|Any CPU
		Release|Any CPU = Release|Any CPU
	EndGlobalSection
	GlobalSection(ProjectConfigurationPlatforms) = postSolution
		{01C36C1D-48BA-4FDF-AB69-FDEAA1084AA0}.Debug|Any CPU.ActiveCfg = Debug|Any CPU
		{01C36C1D-48BA-4FDF-AB69-FDEAA1084AA0}.Debug|Any CPU.Build.0 = Debug|Any CPU
		{01C36C1D-48BA-4FDF-AB69-FDEAA1084AA0}.Release|Any CPU.ActiveCfg = Release|Any CPU
		{01C36C1D-48BA-4FDF-AB69-FDEAA1084AA0}.Release|Any CPU.Build.0 = Release|Any CPU
	EndGlobalSection
	GlobalSection(SolutionProperties) = preSolution
		HideSolutionNode = FALSE
	EndGlobalSection
	GlobalSection(ExtensibilityGlobals) = postSolution
		SolutionGuid = {37FE02D4-BF77-4742-9D38-5C38C59DE5DE}
	EndGlobalSection
EndGlobal
